# THIS IS AN AUTOGENERATED FILE. DO NOT EDIT THIS FILE DIRECTLY.
# yarn lockfile v1


"@chainlink/contracts@^0.4.1":
  version "0.4.1"
  resolved "https://registry.yarnpkg.com/@chainlink/contracts/-/contracts-0.4.1.tgz#1c4f824920b89fbe5ff2294c35a86bca83c8253d"
  integrity sha512-eC8biY6Ks8k9kZKVt5305veCP3z57yyiy6Os5aR6auta6Bp34xWQ/s4qvrifcW4FNgWw1HJPwMPXDGfiehcLjg==
