# THIS IS AN AUTOGENERATED FILE. DO NOT EDIT THIS FILE DIRECTLY.
# yarn lockfile v1


"@chainlink/contracts@^0.3.1":
  version "0.3.1"
  resolved "https://registry.yarnpkg.com/@chainlink/contracts/-/contracts-0.3.1.tgz#a1a2e1b179a6ce6a9b5b16992f6202918110ef5c"
  integrity sha512-A8DRvmfNCwLS1iduPPj7wNAZJMe9/ZimMhoHhbbBiq+7Vq/HFjiNcdoQ5NinFdXD5aTsoNUGG5pAYKj7YMpm9A==
