# THIS IS AN AUTOGENERATED FILE. DO NOT EDIT THIS FILE DIRECTLY.
# yarn lockfile v1


"@chainlink/contracts@^0.2.2":
  version "0.2.2"
  resolved "https://registry.yarnpkg.com/@chainlink/contracts/-/contracts-0.2.2.tgz#8ea2079d8b22d25807fc63b98ccd3dc0bc2a33fe"
  integrity sha512-wxXPbt7O3aZaUSG34ufFASC5amRSL6eeYCqsa+2gpqbB8Hk7B7FydEDCI5dqvAC444TlFskPHcVbizCZkRHPpw==
